// !$*UTF8*$!
{
	archiveVersion = 1;
	classes = {
	};
	objectVersion = 50;
	objects = {

/* Begin PBXBuildFile section */
		E9B372472640E2C5008DF779 /* DatasetUploaderApp.swift in Sources */ = {isa = PBXBuildFile; fileRef = E9B372462640E2C5008DF779 /* DatasetUploaderApp.swift */; };
		E9B372492640E2C5008DF779 /* ContentView.swift in Sources */ = {isa = PBXBuildFile; fileRef = E9B372482640E2C5008DF779 /* ContentView.swift */; };
		E9B3724B2640E2C5008DF779 /* Assets.xcassets in Resources */ = {isa = PBXBuildFile; fileRef = E9B3724A2640E2C5008DF779 /* Assets.xcassets */; };
		E9B3724E2640E2C5008DF779 /* Preview Assets.xcassets in Resources */ = {isa = PBXBuildFile; fileRef = E9B3724D2640E2C5008DF779 /* Preview Assets.xcassets */; };
		E9B372592640E2C6008DF779 /* DatasetUploaderTests.swift in Sources */ = {isa = PBXBuildFile; fileRef = E9B372582640E2C6008DF779 /* DatasetUploaderTests.swift */; };
		E9B372642640E2C6008DF779 /* DatasetUploaderUITests.swift in Sources */ = {isa = PBXBuildFile; fileRef = E9B372632640E2C6008DF779 /* DatasetUploaderUITests.swift */; };
		E9B372802640FD8F008DF779 /* ImagePicker.swift in Sources */ = {isa = PBXBuildFile; fileRef = E9B3727F2640FD8F008DF779 /* ImagePicker.swift */; };
/* End PBXBuildFile section */

/* Begin PBXContainerItemProxy section */
		E9B372552640E2C6008DF779 /* PBXContainerItemProxy */ = {
			isa = PBXContainerItemProxy;
			containerPortal = E9B3723B2640E2C5008DF779 /* Project object */;
			proxyType = 1;
			remoteGlobalIDString = E9B372422640E2C5008DF779;
			remoteInfo = DatasetUploader;
		};
		E9B372602640E2C6008DF779 /* PBXContainerItemProxy */ = {
			isa = PBXContainerItemProxy;
			containerPortal = E9B3723B2640E2C5008DF779 /* Project object */;
			proxyType = 1;
			remoteGlobalIDString = E9B372422640E2C5008DF779;
			remoteInfo = DatasetUploader;
		};
/* End PBXContainerItemProxy section */

/* Begin PBXFileReference section */
		E9B372432640E2C5008DF779 /* DatasetUploader.app */ = {isa = PBXFileReference; explicitFileType = wrapper.application; includeInIndex = 0; path = DatasetUploader.app; sourceTree = BUILT_PRODUCTS_DIR; };
		E9B372462640E2C5008DF779 /* DatasetUploaderApp.swift */ = {isa = PBXFileReference; lastKnownFileType = sourcecode.swift; path = DatasetUploaderApp.swift; sourceTree = "<group>"; };
		E9B372482640E2C5008DF779 /* ContentView.swift */ = {isa = PBXFileReference; lastKnownFileType = sourcecode.swift; path = ContentView.swift; sourceTree = "<group>"; };
		E9B3724A2640E2C5008DF779 /* Assets.xcassets */ = {isa = PBXFileReference; lastKnownFileType = folder.assetcatalog; path = Assets.xcassets; sourceTree = "<group>"; };
		E9B3724D2640E2C5008DF779 /* Preview Assets.xcassets */ = {isa = PBXFileReference; lastKnownFileType = folder.assetcatalog; path = "Preview Assets.xcassets"; sourceTree = "<group>"; };
		E9B3724F2640E2C5008DF779 /* Info.plist */ = {isa = PBXFileReference; lastKnownFileType = text.plist.xml; path = Info.plist; sourceTree = "<group>"; };
		E9B372542640E2C6008DF779 /* DatasetUploaderTests.xctest */ = {isa = PBXFileReference; explicitFileType = wrapper.cfbundle; includeInIndex = 0; path = DatasetUploaderTests.xctest; sourceTree = BUILT_PRODUCTS_DIR; };
		E9B372582640E2C6008DF779 /* DatasetUploaderTests.swift */ = {isa = PBXFileReference; lastKnownFileType = sourcecode.swift; path = DatasetUploaderTests.swift; sourceTree = "<group>"; };
		E9B3725A2640E2C6008DF779 /* Info.plist */ = {isa = PBXFileReference; lastKnownFileType = text.plist.xml; path = Info.plist; sourceTree = "<group>"; };
		E9B3725F2640E2C6008DF779 /* DatasetUploaderUITests.xctest */ = {isa = PBXFileReference; explicitFileType = wrapper.cfbundle; includeInIndex = 0; path = DatasetUploaderUITests.xctest; sourceTree = BUILT_PRODUCTS_DIR; };
		E9B372632640E2C6008DF779 /* DatasetUploaderUITests.swift */ = {isa = PBXFileReference; lastKnownFileType = sourcecode.swift; path = DatasetUploaderUITests.swift; sourceTree = "<group>"; };
		E9B372652640E2C6008DF779 /* Info.plist */ = {isa = PBXFileReference; lastKnownFileType = text.plist.xml; path = Info.plist; sourceTree = "<group>"; };
		E9B3727F2640FD8F008DF779 /* ImagePicker.swift */ = {isa = PBXFileReference; lastKnownFileType = sourcecode.swift; path = ImagePicker.swift; sourceTree = "<group>"; };
/* End PBXFileReference section */

/* Begin PBXFrameworksBuildPhase section */
		E9B372402640E2C5008DF779 /* Frameworks */ = {
			isa = PBXFrameworksBuildPhase;
			buildActionMask = 2147483647;
			files = (
			);
			runOnlyForDeploymentPostprocessing = 0;
		};
		E9B372512640E2C6008DF779 /* Frameworks */ = {
			isa = PBXFrameworksBuildPhase;
			buildActionMask = 2147483647;
			files = (
			);
			runOnlyForDeploymentPostprocessing = 0;
		};
		E9B3725C2640E2C6008DF779 /* Frameworks */ = {
			isa = PBXFrameworksBuildPhase;
			buildActionMask = 2147483647;
			files = (
			);
			runOnlyForDeploymentPostprocessing = 0;
		};
/* End PBXFrameworksBuildPhase section */

/* Begin PBXGroup section */
		E9B3723A2640E2C5008DF779 = {
			isa = PBXGroup;
			children = (
				E9B372452640E2C5008DF779 /* DatasetUploader */,
				E9B372572640E2C6008DF779 /* DatasetUploaderTests */,
				E9B372622640E2C6008DF779 /* DatasetUploaderUITests */,
				E9B372442640E2C5008DF779 /* Products */,
			);
			sourceTree = "<group>";
		};
		E9B372442640E2C5008DF779 /* Products */ = {
			isa = PBXGroup;
			children = (
				E9B372432640E2C5008DF779 /* DatasetUploader.app */,
				E9B372542640E2C6008DF779 /* DatasetUploaderTests.xctest */,
				E9B3725F2640E2C6008DF779 /* DatasetUploaderUITests.xctest */,
			);
			name = Products;
			sourceTree = "<group>";
		};
		E9B372452640E2C5008DF779 /* DatasetUploader */ = {
			isa = PBXGroup;
			children = (
				E9B372462640E2C5008DF779 /* DatasetUploaderApp.swift */,
				E9B372482640E2C5008DF779 /* ContentView.swift */,
				E9B3724A2640E2C5008DF779 /* Assets.xcassets */,
				E9B3724F2640E2C5008DF779 /* Info.plist */,
				E9B3724C2640E2C5008DF779 /* Preview Content */,
				E9B3727F2640FD8F008DF779 /* ImagePicker.swift */,
			);
			path = DatasetUploader;
			sourceTree = "<group>";
		};
		E9B3724C2640E2C5008DF779 /* Preview Content */ = {
			isa = PBXGroup;
			children = (
				E9B3724D2640E2C5008DF779 /* Preview Assets.xcassets */,
			);
			path = "Preview Content";
			sourceTree = "<group>";
		};
		E9B372572640E2C6008DF779 /* DatasetUploaderTests */ = {
			isa = PBXGroup;
			children = (
				E9B372582640E2C6008DF779 /* DatasetUploaderTests.swift */,
				E9B3725A2640E2C6008DF779 /* Info.plist */,
			);
			path = DatasetUploaderTests;
			sourceTree = "<group>";
		};
		E9B372622640E2C6008DF779 /* DatasetUploaderUITests */ = {
			isa = PBXGroup;
			children = (
				E9B372632640E2C6008DF779 /* DatasetUploaderUITests.swift */,
				E9B372652640E2C6008DF779 /* Info.plist */,
			);
			path = DatasetUploaderUITests;
			sourceTree = "<group>";
		};
/* End PBXGroup section */

/* Begin PBXNativeTarget section */
		E9B372422640E2C5008DF779 /* DatasetUploader */ = {
			isa = PBXNativeTarget;
			buildConfigurationList = E9B372682640E2C6008DF779 /* Build configuration list for PBXNativeTarget "DatasetUploader" */;
			buildPhases = (
				E9B3723F2640E2C5008DF779 /* Sources */,
				E9B372402640E2C5008DF779 /* Frameworks */,
				E9B372412640E2C5008DF779 /* Resources */,
			);
			buildRules = (
			);
			dependencies = (
			);
			name = DatasetUploader;
			productName = DatasetUploader;
			productReference = E9B372432640E2C5008DF779 /* DatasetUploader.app */;
			productType = "com.apple.product-type.application";
		};
		E9B372532640E2C6008DF779 /* DatasetUploaderTests */ = {
			isa = PBXNativeTarget;
			buildConfigurationList = E9B3726B2640E2C6008DF779 /* Build configuration list for PBXNativeTarget "DatasetUploaderTests" */;
			buildPhases = (
				E9B372502640E2C6008DF779 /* Sources */,
				E9B372512640E2C6008DF779 /* Frameworks */,
				E9B372522640E2C6008DF779 /* Resources */,
			);
			buildRules = (
			);
			dependencies = (
				E9B372562640E2C6008DF779 /* PBXTargetDependency */,
			);
			name = DatasetUploaderTests;
			productName = DatasetUploaderTests;
			productReference = E9B372542640E2C6008DF779 /* DatasetUploaderTests.xctest */;
			productType = "com.apple.product-type.bundle.unit-test";
		};
		E9B3725E2640E2C6008DF779 /* DatasetUploaderUITests */ = {
			isa = PBXNativeTarget;
			buildConfigurationList = E9B3726E2640E2C6008DF779 /* Build configuration list for PBXNativeTarget "DatasetUploaderUITests" */;
			buildPhases = (
				E9B3725B2640E2C6008DF779 /* Sources */,
				E9B3725C2640E2C6008DF779 /* Frameworks */,
				E9B3725D2640E2C6008DF779 /* Resources */,
			);
			buildRules = (
			);
			dependencies = (
				E9B372612640E2C6008DF779 /* PBXTargetDependency */,
			);
			name = DatasetUploaderUITests;
			productName = DatasetUploaderUITests;
			productReference = E9B3725F2640E2C6008DF779 /* DatasetUploaderUITests.xctest */;
			productType = "com.apple.product-type.bundle.ui-testing";
		};
/* End PBXNativeTarget section */

/* Begin PBXProject section */
		E9B3723B2640E2C5008DF779 /* Project object */ = {
			isa = PBXProject;
			attributes = {
				LastSwiftUpdateCheck = 1240;
				LastUpgradeCheck = 1240;
				TargetAttributes = {
					E9B372422640E2C5008DF779 = {
						CreatedOnToolsVersion = 12.4;
					};
					E9B372532640E2C6008DF779 = {
						CreatedOnToolsVersion = 12.4;
						TestTargetID = E9B372422640E2C5008DF779;
					};
					E9B3725E2640E2C6008DF779 = {
						CreatedOnToolsVersion = 12.4;
						TestTargetID = E9B372422640E2C5008DF779;
					};
				};
			};
			buildConfigurationList = E9B3723E2640E2C5008DF779 /* Build configuration list for PBXProject "DatasetUploader" */;
			compatibilityVersion = "Xcode 9.3";
			developmentRegion = en;
			hasScannedForEncodings = 0;
			knownRegions = (
				en,
				Base,
			);
			mainGroup = E9B3723A2640E2C5008DF779;
			productRefGroup = E9B372442640E2C5008DF779 /* Products */;
			projectDirPath = "";
			projectRoot = "";
			targets = (
				E9B372422640E2C5008DF779 /* DatasetUploader */,
				E9B372532640E2C6008DF779 /* DatasetUploaderTests */,
				E9B3725E2640E2C6008DF779 /* DatasetUploaderUITests */,
			);
		};
/* End PBXProject section */

/* Begin PBXResourcesBuildPhase section */
		E9B372412640E2C5008DF779 /* Resources */ = {
			isa = PBXResourcesBuildPhase;
			buildActionMask = 2147483647;
			files = (
				E9B3724E2640E2C5008DF779 /* Preview Assets.xcassets in Resources */,
				E9B3724B2640E2C5008DF779 /* Assets.xcassets in Resources */,
			);
			runOnlyForDeploymentPostprocessing = 0;
		};
		E9B372522640E2C6008DF779 /* Resources */ = {
			isa = PBXResourcesBuildPhase;
			buildActionMask = 2147483647;
			files = (
			);
			runOnlyForDeploymentPostprocessing = 0;
		};
		E9B3725D2640E2C6008DF779 /* Resources */ = {
			isa = PBXResourcesBuildPhase;
			buildActionMask = 2147483647;
			files = (
			);
			runOnlyForDeploymentPostprocessing = 0;
		};
/* End PBXResourcesBuildPhase section */

/* Begin PBXSourcesBuildPhase section */
		E9B3723F2640E2C5008DF779 /* Sources */ = {
			isa = PBXSourcesBuildPhase;
			buildActionMask = 2147483647;
			files = (
				E9B372802640FD8F008DF779 /* ImagePicker.swift in Sources */,
				E9B372492640E2C5008DF779 /* ContentView.swift in Sources */,
				E9B372472640E2C5008DF779 /* DatasetUploaderApp.swift in Sources */,
			);
			runOnlyForDeploymentPostprocessing = 0;
		};
		E9B372502640E2C6008DF779 /* Sources */ = {
			isa = PBXSourcesBuildPhase;
			buildActionMask = 2147483647;
			files = (
				E9B372592640E2C6008DF779 /* DatasetUploaderTests.swift in Sources */,
			);
			runOnlyForDeploymentPostprocessing = 0;
		};
		E9B3725B2640E2C6008DF779 /* Sources */ = {
			isa = PBXSourcesBuildPhase;
			buildActionMask = 2147483647;
			files = (
				E9B372642640E2C6008DF779 /* DatasetUploaderUITests.swift in Sources */,
			);
			runOnlyForDeploymentPostprocessing = 0;
		};
/* End PBXSourcesBuildPhase section */

/* Begin PBXTargetDependency section */
		E9B372562640E2C6008DF779 /* PBXTargetDependency */ = {
			isa = PBXTargetDependency;
			target = E9B372422640E2C5008DF779 /* DatasetUploader */;
			targetProxy = E9B372552640E2C6008DF779 /* PBXContainerItemProxy */;
		};
		E9B372612640E2C6008DF779 /* PBXTargetDependency */ = {
			isa = PBXTargetDependency;
			target = E9B372422640E2C5008DF779 /* DatasetUploader */;
			targetProxy = E9B372602640E2C6008DF779 /* PBXContainerItemProxy */;
		};
/* End PBXTargetDependency section */

/* Begin XCBuildConfiguration section */
		E9B372662640E2C6008DF779 /* Debug */ = {
			isa = XCBuildConfiguration;
			buildSettings = {
				ALWAYS_SEARCH_USER_PATHS = NO;
				CLANG_ANALYZER_NONNULL = YES;
				CLANG_ANALYZER_NUMBER_OBJECT_CONVERSION = YES_AGGRESSIVE;
				CLANG_CXX_LANGUAGE_STANDARD = "gnu++14";
				CLANG_CXX_LIBRARY = "libc++";
				CLANG_ENABLE_MODULES = YES;
				CLANG_ENABLE_OBJC_ARC = YES;
				CLANG_ENABLE_OBJC_WEAK = YES;
				CLANG_WARN_BLOCK_CAPTURE_AUTORELEASING = YES;
				CLANG_WARN_BOOL_CONVERSION = YES;
				CLANG_WARN_COMMA = YES;
				CLANG_WARN_CONSTANT_CONVERSION = YES;
				CLANG_WARN_DEPRECATED_OBJC_IMPLEMENTATIONS = YES;
				CLANG_WARN_DIRECT_OBJC_ISA_USAGE = YES_ERROR;
				CLANG_WARN_DOCUMENTATION_COMMENTS = YES;
				CLANG_WARN_EMPTY_BODY = YES;
				CLANG_WARN_ENUM_CONVERSION = YES;
				CLANG_WARN_INFINITE_RECURSION = YES;
				CLANG_WARN_INT_CONVERSION = YES;
				CLANG_WARN_NON_LITERAL_NULL_CONVERSION = YES;
				CLANG_WARN_OBJC_IMPLICIT_RETAIN_SELF = YES;
				CLANG_WARN_OBJC_LITERAL_CONVERSION = YES;
				CLANG_WARN_OBJC_ROOT_CLASS = YES_ERROR;
				CLANG_WARN_QUOTED_INCLUDE_IN_FRAMEWORK_HEADER = YES;
				CLANG_WARN_RANGE_LOOP_ANALYSIS = YES;
				CLANG_WARN_STRICT_PROTOTYPES = YES;
				CLANG_WARN_SUSPICIOUS_MOVE = YES;
				CLANG_WARN_UNGUARDED_AVAILABILITY = YES_AGGRESSIVE;
				CLANG_WARN_UNREACHABLE_CODE = YES;
				CLANG_WARN__DUPLICATE_METHOD_MATCH = YES;
				COPY_PHASE_STRIP = NO;
				DEBUG_INFORMATION_FORMAT = dwarf;
				ENABLE_STRICT_OBJC_MSGSEND = YES;
				ENABLE_TESTABILITY = YES;
				GCC_C_LANGUAGE_STANDARD = gnu11;
				GCC_DYNAMIC_NO_PIC = NO;
				GCC_NO_COMMON_BLOCKS = YES;
				GCC_OPTIMIZATION_LEVEL = 0;
				GCC_PREPROCESSOR_DEFINITIONS = (
					"DEBUG=1",
					"$(inherited)",
				);
				GCC_WARN_64_TO_32_BIT_CONVERSION = YES;
				GCC_WARN_ABOUT_RETURN_TYPE = YES_ERROR;
				GCC_WARN_UNDECLARED_SELECTOR = YES;
				GCC_WARN_UNINITIALIZED_AUTOS = YES_AGGRESSIVE;
				GCC_WARN_UNUSED_FUNCTION = YES;
				GCC_WARN_UNUSED_VARIABLE = YES;
				IPHONEOS_DEPLOYMENT_TARGET = 14.4;
				MTL_ENABLE_DEBUG_INFO = INCLUDE_SOURCE;
				MTL_FAST_MATH = YES;
				ONLY_ACTIVE_ARCH = YES;
				SDKROOT = iphoneos;
				SWIFT_ACTIVE_COMPILATION_CONDITIONS = DEBUG;
				SWIFT_OPTIMIZATION_LEVEL = "-Onone";
			};
			name = Debug;
		};
		E9B372672640E2C6008DF779 /* Release */ = {
			isa = XCBuildConfiguration;
			buildSettings = {
				ALWAYS_SEARCH_USER_PATHS = NO;
				CLANG_ANALYZER_NONNULL = YES;
				CLANG_ANALYZER_NUMBER_OBJECT_CONVERSION = YES_AGGRESSIVE;
				CLANG_CXX_LANGUAGE_STANDARD = "gnu++14";
				CLANG_CXX_LIBRARY = "libc++";
				CLANG_ENABLE_MODULES = YES;
				CLANG_ENABLE_OBJC_ARC = YES;
				CLANG_ENABLE_OBJC_WEAK = YES;
				CLANG_WARN_BLOCK_CAPTURE_AUTORELEASING = YES;
				CLANG_WARN_BOOL_CONVERSION = YES;
				CLANG_WARN_COMMA = YES;
				CLANG_WARN_CONSTANT_CONVERSION = YES;
				CLANG_WARN_DEPRECATED_OBJC_IMPLEMENTATIONS = YES;
				CLANG_WARN_DIRECT_OBJC_ISA_USAGE = YES_ERROR;
				CLANG_WARN_DOCUMENTATION_COMMENTS = YES;
				CLANG_WARN_EMPTY_BODY = YES;
				CLANG_WARN_ENUM_CONVERSION = YES;
				CLANG_WARN_INFINITE_RECURSION = YES;
				CLANG_WARN_INT_CONVERSION = YES;
				CLANG_WARN_NON_LITERAL_NULL_CONVERSION = YES;
				CLANG_WARN_OBJC_IMPLICIT_RETAIN_SELF = YES;
				CLANG_WARN_OBJC_LITERAL_CONVERSION = YES;
				CLANG_WARN_OBJC_ROOT_CLASS = YES_ERROR;
				CLANG_WARN_QUOTED_INCLUDE_IN_FRAMEWORK_HEADER = YES;
				CLANG_WARN_RANGE_LOOP_ANALYSIS = YES;
				CLANG_WARN_STRICT_PROTOTYPES = YES;
				CLANG_WARN_SUSPICIOUS_MOVE = YES;
				CLANG_WARN_UNGUARDED_AVAILABILITY = YES_AGGRESSIVE;
				CLANG_WARN_UNREACHABLE_CODE = YES;
				CLANG_WARN__DUPLICATE_METHOD_MATCH = YES;
				COPY_PHASE_STRIP = NO;
				DEBUG_INFORMATION_FORMAT = "dwarf-with-dsym";
				ENABLE_NS_ASSERTIONS = NO;
				ENABLE_STRICT_OBJC_MSGSEND = YES;
				GCC_C_LANGUAGE_STANDARD = gnu11;
				GCC_NO_COMMON_BLOCKS = YES;
				GCC_WARN_64_TO_32_BIT_CONVERSION = YES;
				GCC_WARN_ABOUT_RETURN_TYPE = YES_ERROR;
				GCC_WARN_UNDECLARED_SELECTOR = YES;
				GCC_WARN_UNINITIALIZED_AUTOS = YES_AGGRESSIVE;
				GCC_WARN_UNUSED_FUNCTION = YES;
				GCC_WARN_UNUSED_VARIABLE = YES;
				IPHONEOS_DEPLOYMENT_TARGET = 14.4;
				MTL_ENABLE_DEBUG_INFO = NO;
				MTL_FAST_MATH = YES;
				SDKROOT = iphoneos;
				SWIFT_COMPILATION_MODE = wholemodule;
				SWIFT_OPTIMIZATION_LEVEL = "-O";
				VALIDATE_PRODUCT = YES;
			};
			name = Release;
		};
		E9B372692640E2C6008DF779 /* Debug */ = {
			isa = XCBuildConfiguration;
			buildSettings = {
				ASSETCATALOG_COMPILER_APPICON_NAME = AppIcon;
				ASSETCATALOG_COMPILER_GLOBAL_ACCENT_COLOR_NAME = AccentColor;
				CODE_SIGN_STYLE = Automatic;
				DEVELOPMENT_ASSET_PATHS = "\"DatasetUploader/Preview Content\"";
				DEVELOPMENT_TEAM = HQ38CBQ4H8;
				ENABLE_PREVIEWS = YES;
				INFOPLIST_FILE = DatasetUploader/Info.plist;
				IPHONEOS_DEPLOYMENT_TARGET = 14.0;
				LD_RUNPATH_SEARCH_PATHS = (
					"$(inherited)",
					"@executable_path/Frameworks",
				);
				PRODUCT_BUNDLE_IDENTIFIER = io.github.lukeeff.DatasetUploader;
				PRODUCT_NAME = "$(TARGET_NAME)";
				SWIFT_VERSION = 5.0;
				TARGETED_DEVICE_FAMILY = "1,2";
			};
			name = Debug;
		};
		E9B3726A2640E2C6008DF779 /* Release */ = {
			isa = XCBuildConfiguration;
			buildSettings = {
				ASSETCATALOG_COMPILER_APPICON_NAME = AppIcon;
				ASSETCATALOG_COMPILER_GLOBAL_ACCENT_COLOR_NAME = AccentColor;
				CODE_SIGN_STYLE = Automatic;
				DEVELOPMENT_ASSET_PATHS = "\"DatasetUploader/Preview Content\"";
				DEVELOPMENT_TEAM = HQ38CBQ4H8;
				ENABLE_PREVIEWS = YES;
				INFOPLIST_FILE = DatasetUploader/Info.plist;
				IPHONEOS_DEPLOYMENT_TARGET = 14.0;
				LD_RUNPATH_SEARCH_PATHS = (
					"$(inherited)",
					"@executable_path/Frameworks",
				);
				PRODUCT_BUNDLE_IDENTIFIER = io.github.lukeeff.DatasetUploader;
				PRODUCT_NAME = "$(TARGET_NAME)";
				SWIFT_VERSION = 5.0;
				TARGETED_DEVICE_FAMILY = "1,2";
			};
			name = Release;
		};
		E9B3726C2640E2C6008DF779 /* Debug */ = {
			isa = XCBuildConfiguration;
			buildSettings = {
				ALWAYS_EMBED_SWIFT_STANDARD_LIBRARIES = YES;
				BUNDLE_LOADER = "$(TEST_HOST)";
				CODE_SIGN_STYLE = Automatic;
				DEVELOPMENT_TEAM = HQ38CBQ4H8;
				INFOPLIST_FILE = DatasetUploaderTests/Info.plist;
				IPHONEOS_DEPLOYMENT_TARGET = 14.0;
				LD_RUNPATH_SEARCH_PATHS = (
					"$(inherited)",
					"@executable_path/Frameworks",
					"@loader_path/Frameworks",
				);
				PRODUCT_BUNDLE_IDENTIFIER = io.github.lukeeff.DatasetUploaderTests;
				PRODUCT_NAME = "$(TARGET_NAME)";
				SWIFT_VERSION = 5.0;
				TARGETED_DEVICE_FAMILY = "1,2";
				TEST_HOST = "$(BUILT_PRODUCTS_DIR)/DatasetUploader.app/DatasetUploader";
			};
			name = Debug;
		};
		E9B3726D2640E2C6008DF779 /* Release */ = {
			isa = XCBuildConfiguration;
			buildSettings = {
				ALWAYS_EMBED_SWIFT_STANDARD_LIBRARIES = YES;
				BUNDLE_LOADER = "$(TEST_HOST)";
				CODE_SIGN_STYLE = Automatic;
				DEVELOPMENT_TEAM = HQ38CBQ4H8;
				INFOPLIST_FILE = DatasetUploaderTests/Info.plist;
				IPHONEOS_DEPLOYMENT_TARGET = 14.0;
				LD_RUNPATH_SEARCH_PATHS = (
					"$(inherited)",
					"@executable_path/Frameworks",
					"@loader_path/Frameworks",
				);
				PRODUCT_BUNDLE_IDENTIFIER = io.github.lukeeff.DatasetUploaderTests;
				PRODUCT_NAME = "$(TARGET_NAME)";
				SWIFT_VERSION = 5.0;
				TARGETED_DEVICE_FAMILY = "1,2";
				TEST_HOST = "$(BUILT_PRODUCTS_DIR)/DatasetUploader.app/DatasetUploader";
			};
			name = Release;
		};
		E9B3726F2640E2C6008DF779 /* Debug */ = {
			isa = XCBuildConfiguration;
			buildSettings = {
				ALWAYS_EMBED_SWIFT_STANDARD_LIBRARIES = YES;
				CODE_SIGN_STYLE = Automatic;
				DEVELOPMENT_TEAM = HQ38CBQ4H8;
				INFOPLIST_FILE = DatasetUploaderUITests/Info.plist;
				LD_RUNPATH_SEARCH_PATHS = (
					"$(inherited)",
					"@executable_path/Frameworks",
					"@loader_path/Frameworks",
				);
				PRODUCT_BUNDLE_IDENTIFIER = io.github.lukeeff.DatasetUploaderUITests;
				PRODUCT_NAME = "$(TARGET_NAME)";
				SWIFT_VERSION = 5.0;
				TARGETED_DEVICE_FAMILY = "1,2";
				TEST_TARGET_NAME = DatasetUploader;
			};
			name = Debug;
		};
		E9B372702640E2C6008DF779 /* Release */ = {
			isa = XCBuildConfiguration;
			buildSettings = {
				ALWAYS_EMBED_SWIFT_STANDARD_LIBRARIES = YES;
				CODE_SIGN_STYLE = Automatic;
				DEVELOPMENT_TEAM = HQ38CBQ4H8;
				INFOPLIST_FILE = DatasetUploaderUITests/Info.plist;
				LD_RUNPATH_SEARCH_PATHS = (
					"$(inherited)",
					"@executable_path/Frameworks",
					"@loader_path/Frameworks",
				);
				PRODUCT_BUNDLE_IDENTIFIER = io.github.lukeeff.DatasetUploaderUITests;
				PRODUCT_NAME = "$(TARGET_NAME)";
				SWIFT_VERSION = 5.0;
				TARGETED_DEVICE_FAMILY = "1,2";
				TEST_TARGET_NAME = DatasetUploader;
			};
			name = Release;
		};
/* End XCBuildConfiguration section */

/* Begin XCConfigurationList section */
		E9B3723E2640E2C5008DF779 /* Build configuration list for PBXProject "DatasetUploader" */ = {
			isa = XCConfigurationList;
			buildConfigurations = (
				E9B372662640E2C6008DF779 /* Debug */,
				E9B372672640E2C6008DF779 /* Release */,
			);
			defaultConfigurationIsVisible = 0;
			defaultConfigurationName = Release;
		};
		E9B372682640E2C6008DF779 /* Build configuration list for PBXNativeTarget "DatasetUploader" */ = {
			isa = XCConfigurationList;
			buildConfigurations = (
				E9B372692640E2C6008DF779 /* Debug */,
				E9B3726A2640E2C6008DF779 /* Release */,
			);
			defaultConfigurationIsVisible = 0;
			defaultConfigurationName = Release;
		};
		E9B3726B2640E2C6008DF779 /* Build configuration list for PBXNativeTarget "DatasetUploaderTests" */ = {
			isa = XCConfigurationList;
			buildConfigurations = (
				E9B3726C2640E2C6008DF779 /* Debug */,
				E9B3726D2640E2C6008DF779 /* Release */,
			);
			defaultConfigurationIsVisible = 0;
			defaultConfigurationName = Release;
		};
		E9B3726E2640E2C6008DF779 /* Build configuration list for PBXNativeTarget "DatasetUploaderUITests" */ = {
			isa = XCConfigurationList;
			buildConfigurations = (
				E9B3726F2640E2C6008DF779 /* Debug */,
				E9B372702640E2C6008DF779 /* Release */,
			);
			defaultConfigurationIsVisible = 0;
			defaultConfigurationName = Release;
		};
/* End XCConfigurationList section */
	};
	rootObject = E9B3723B2640E2C5008DF779 /* Project object */;
}
